
Microsoft Visual Studio Solution File, Format Version 12.00
# Visual Studio 14
VisualStudioVersion = 14.0.25420.1
MinimumVisualStudioVersion = 10.0.40219.1
Project("{8BB2217D-0F2D-49D1-97BC-3654ED321F3B}") = "FlubuExample", "FlubuExample\FlubuExample.xproj", "{DBCA510B-D3C5-4E75-86D2-D407B14B9F2B}"
EndProject
Project("{8BB2217D-0F2D-49D1-97BC-3654ED321F3B}") = "BuildScript", "BuildScript\BuildScript.xproj", "{E299BDEC-6D92-4688-95DB-A13D30BBA350}"
EndProject
Global
	GlobalSection(SolutionConfigurationPlatforms) = preSolution
		Debug|Any CPU = Debug|Any CPU
		Release|Any CPU = Release|Any CPU
	EndGlobalSection
	GlobalSection(ProjectConfigurationPlatforms) = postSolution
		{DBCA510B-D3C5-4E75-86D2-D407B14B9F2B}.Debug|Any CPU.ActiveCfg = Debug|Any CPU
		{DBCA510B-D3C5-4E75-86D2-D407B14B9F2B}.Debug|Any CPU.Build.0 = Debug|Any CPU
		{DBCA510B-D3C5-4E75-86D2-D407B14B9F2B}.Release|Any CPU.ActiveCfg = Release|Any CPU
		{DBCA510B-D3C5-4E75-86D2-D407B14B9F2B}.Release|Any CPU.Build.0 = Release|Any CPU
		{E299BDEC-6D92-4688-95DB-A13D30BBA350}.Debug|Any CPU.ActiveCfg = Debug|Any CPU
		{E299BDEC-6D92-4688-95DB-A13D30BBA350}.Debug|Any CPU.Build.0 = Debug|Any CPU
		{E299BDEC-6D92-4688-95DB-A13D30BBA350}.Release|Any CPU.ActiveCfg = Release|Any CPU
		{E299BDEC-6D92-4688-95DB-A13D30BBA350}.Release|Any CPU.Build.0 = Release|Any CPU
	EndGlobalSection
	GlobalSection(SolutionProperties) = preSolution
		HideSolutionNode = FALSE
	EndGlobalSection
EndGlobal
