
Microsoft Visual Studio Solution File, Format Version 12.00
# Visual Studio 15
VisualStudioVersion = 15.0.28010.2026
MinimumVisualStudioVersion = 10.0.40219.1
Project("{FAE04EC0-301F-11D3-BF4B-00C04F79EFBC}") = "BuildScript", "BuildScript\BuildScript.csproj", "{14A091BC-BBB0-458D-A9BB-71C1C51F5AFD}"
EndProject
Global
	GlobalSection(SolutionConfigurationPlatforms) = preSolution
		Debug|Any CPU = Debug|Any CPU
		Release|Any CPU = Release|Any CPU
	EndGlobalSection
	GlobalSection(ProjectConfigurationPlatforms) = postSolution
		{14A091BC-BBB0-458D-A9BB-71C1C51F5AFD}.Debug|Any CPU.ActiveCfg = Debug|Any CPU
		{14A091BC-BBB0-458D-A9BB-71C1C51F5AFD}.Debug|Any CPU.Build.0 = Debug|Any CPU
		{14A091BC-BBB0-458D-A9BB-71C1C51F5AFD}.Release|Any CPU.ActiveCfg = Release|Any CPU
		{14A091BC-BBB0-458D-A9BB-71C1C51F5AFD}.Release|Any CPU.Build.0 = Release|Any CPU
	EndGlobalSection
	GlobalSection(SolutionProperties) = preSolution
		HideSolutionNode = FALSE
	EndGlobalSection
	GlobalSection(ExtensibilityGlobals) = postSolution
		SolutionGuid = {35603528-FF55-4D0E-B479-00DEF341127A}
	EndGlobalSection
EndGlobal
