
Microsoft Visual Studio Solution File, Format Version 12.00
# Visual Studio 15
VisualStudioVersion = 15.0.26430.14
MinimumVisualStudioVersion = 10.0.40219.1
Project("{9A19103F-16F7-4668-BE54-9A1E7A4F7556}") = "dotnet-flubu", "dotnet-flubu\dotnet-flubu.csproj", "{F9F3CB01-F4B5-4278-8423-2643CE84C5D5}"
EndProject
Project("{9A19103F-16F7-4668-BE54-9A1E7A4F7556}") = "FlubuCore", "FlubuCore\FlubuCore.csproj", "{0880D8F4-1D35-4237-9012-C510C6962C94}"
EndProject
Project("{9A19103F-16F7-4668-BE54-9A1E7A4F7556}") = "Flubu.Tests", "Flubu.Tests\Flubu.Tests.csproj", "{017609B9-48F0-4C56-827A-4EB56637CA93}"
EndProject
Project("{9A19103F-16F7-4668-BE54-9A1E7A4F7556}") = "Build", "Build.csproj", "{B31329FC-9F0E-4EA4-A0AE-0AF608CEB588}"
EndProject
Project("{9A19103F-16F7-4668-BE54-9A1E7A4F7556}") = "FlubuCore.WebApi", "FlubuCore.WebApi\FlubuCore.WebApi.csproj", "{6C98FC75-06F0-484F-92D7-B78A01B60EB7}"
EndProject
Project("{9A19103F-16F7-4668-BE54-9A1E7A4F7556}") = "FlubuCore.WebApi.Client", "FlubuCore.WebApi.Client\FlubuCore.WebApi.Client.csproj", "{87926E78-4C1D-457F-90A3-D320078A5E70}"
EndProject
Project("{9A19103F-16F7-4668-BE54-9A1E7A4F7556}") = "FlubuCore.WebApi.Model", "FlubuCore.WebApi.Model\FlubuCore.WebApi.Model.csproj", "{2C46545E-1F7D-4FCD-8148-D34D2C7A4B13}"
EndProject
Project("{9A19103F-16F7-4668-BE54-9A1E7A4F7556}") = "FlubuCore.WebApi.Tests", "FlubuCore.WebApi.Tests\FlubuCore.WebApi.Tests.csproj", "{EFDCA0BB-B8C3-48E2-B365-8BF391FE1B5A}"
EndProject
Global
	GlobalSection(SolutionConfigurationPlatforms) = preSolution
		Debug|Any CPU = Debug|Any CPU
		Debug|x64 = Debug|x64
		Debug|x86 = Debug|x86
		Release|Any CPU = Release|Any CPU
		Release|x64 = Release|x64
		Release|x86 = Release|x86
	EndGlobalSection
	GlobalSection(ProjectConfigurationPlatforms) = postSolution
		{F9F3CB01-F4B5-4278-8423-2643CE84C5D5}.Debug|Any CPU.ActiveCfg = Debug|Any CPU
		{F9F3CB01-F4B5-4278-8423-2643CE84C5D5}.Debug|Any CPU.Build.0 = Debug|Any CPU
		{F9F3CB01-F4B5-4278-8423-2643CE84C5D5}.Debug|x64.ActiveCfg = Debug|Any CPU
		{F9F3CB01-F4B5-4278-8423-2643CE84C5D5}.Debug|x64.Build.0 = Debug|Any CPU
		{F9F3CB01-F4B5-4278-8423-2643CE84C5D5}.Debug|x86.ActiveCfg = Debug|Any CPU
		{F9F3CB01-F4B5-4278-8423-2643CE84C5D5}.Debug|x86.Build.0 = Debug|Any CPU
		{F9F3CB01-F4B5-4278-8423-2643CE84C5D5}.Release|Any CPU.ActiveCfg = Release|Any CPU
		{F9F3CB01-F4B5-4278-8423-2643CE84C5D5}.Release|Any CPU.Build.0 = Release|Any CPU
		{F9F3CB01-F4B5-4278-8423-2643CE84C5D5}.Release|x64.ActiveCfg = Release|Any CPU
		{F9F3CB01-F4B5-4278-8423-2643CE84C5D5}.Release|x64.Build.0 = Release|Any CPU
		{F9F3CB01-F4B5-4278-8423-2643CE84C5D5}.Release|x86.ActiveCfg = Release|Any CPU
		{F9F3CB01-F4B5-4278-8423-2643CE84C5D5}.Release|x86.Build.0 = Release|Any CPU
		{0880D8F4-1D35-4237-9012-C510C6962C94}.Debug|Any CPU.ActiveCfg = Debug|Any CPU
		{0880D8F4-1D35-4237-9012-C510C6962C94}.Debug|Any CPU.Build.0 = Debug|Any CPU
		{0880D8F4-1D35-4237-9012-C510C6962C94}.Debug|x64.ActiveCfg = Debug|x64
		{0880D8F4-1D35-4237-9012-C510C6962C94}.Debug|x64.Build.0 = Debug|x64
		{0880D8F4-1D35-4237-9012-C510C6962C94}.Debug|x86.ActiveCfg = Debug|x86
		{0880D8F4-1D35-4237-9012-C510C6962C94}.Debug|x86.Build.0 = Debug|x86
		{0880D8F4-1D35-4237-9012-C510C6962C94}.Release|Any CPU.ActiveCfg = Release|Any CPU
		{0880D8F4-1D35-4237-9012-C510C6962C94}.Release|Any CPU.Build.0 = Release|Any CPU
		{0880D8F4-1D35-4237-9012-C510C6962C94}.Release|x64.ActiveCfg = Release|x64
		{0880D8F4-1D35-4237-9012-C510C6962C94}.Release|x64.Build.0 = Release|x64
		{0880D8F4-1D35-4237-9012-C510C6962C94}.Release|x86.ActiveCfg = Release|x86
		{0880D8F4-1D35-4237-9012-C510C6962C94}.Release|x86.Build.0 = Release|x86
		{017609B9-48F0-4C56-827A-4EB56637CA93}.Debug|Any CPU.ActiveCfg = Debug|Any CPU
		{017609B9-48F0-4C56-827A-4EB56637CA93}.Debug|Any CPU.Build.0 = Debug|Any CPU
		{017609B9-48F0-4C56-827A-4EB56637CA93}.Debug|x64.ActiveCfg = Debug|Any CPU
		{017609B9-48F0-4C56-827A-4EB56637CA93}.Debug|x64.Build.0 = Debug|Any CPU
		{017609B9-48F0-4C56-827A-4EB56637CA93}.Debug|x86.ActiveCfg = Debug|Any CPU
		{017609B9-48F0-4C56-827A-4EB56637CA93}.Debug|x86.Build.0 = Debug|Any CPU
		{017609B9-48F0-4C56-827A-4EB56637CA93}.Release|Any CPU.ActiveCfg = Release|Any CPU
		{017609B9-48F0-4C56-827A-4EB56637CA93}.Release|Any CPU.Build.0 = Release|Any CPU
		{017609B9-48F0-4C56-827A-4EB56637CA93}.Release|x64.ActiveCfg = Release|Any CPU
		{017609B9-48F0-4C56-827A-4EB56637CA93}.Release|x64.Build.0 = Release|Any CPU
		{017609B9-48F0-4C56-827A-4EB56637CA93}.Release|x86.ActiveCfg = Release|Any CPU
		{017609B9-48F0-4C56-827A-4EB56637CA93}.Release|x86.Build.0 = Release|Any CPU
		{B31329FC-9F0E-4EA4-A0AE-0AF608CEB588}.Debug|Any CPU.ActiveCfg = Debug|Any CPU
		{B31329FC-9F0E-4EA4-A0AE-0AF608CEB588}.Debug|Any CPU.Build.0 = Debug|Any CPU
		{B31329FC-9F0E-4EA4-A0AE-0AF608CEB588}.Debug|x64.ActiveCfg = Debug|Any CPU
		{B31329FC-9F0E-4EA4-A0AE-0AF608CEB588}.Debug|x64.Build.0 = Debug|Any CPU
		{B31329FC-9F0E-4EA4-A0AE-0AF608CEB588}.Debug|x86.ActiveCfg = Debug|Any CPU
		{B31329FC-9F0E-4EA4-A0AE-0AF608CEB588}.Debug|x86.Build.0 = Debug|Any CPU
		{B31329FC-9F0E-4EA4-A0AE-0AF608CEB588}.Release|Any CPU.ActiveCfg = Release|Any CPU
		{B31329FC-9F0E-4EA4-A0AE-0AF608CEB588}.Release|Any CPU.Build.0 = Release|Any CPU
		{B31329FC-9F0E-4EA4-A0AE-0AF608CEB588}.Release|x64.ActiveCfg = Release|Any CPU
		{B31329FC-9F0E-4EA4-A0AE-0AF608CEB588}.Release|x64.Build.0 = Release|Any CPU
		{B31329FC-9F0E-4EA4-A0AE-0AF608CEB588}.Release|x86.ActiveCfg = Release|Any CPU
		{B31329FC-9F0E-4EA4-A0AE-0AF608CEB588}.Release|x86.Build.0 = Release|Any CPU
		{6C98FC75-06F0-484F-92D7-B78A01B60EB7}.Debug|Any CPU.ActiveCfg = Debug|Any CPU
		{6C98FC75-06F0-484F-92D7-B78A01B60EB7}.Debug|Any CPU.Build.0 = Debug|Any CPU
		{6C98FC75-06F0-484F-92D7-B78A01B60EB7}.Debug|x64.ActiveCfg = Debug|Any CPU
		{6C98FC75-06F0-484F-92D7-B78A01B60EB7}.Debug|x64.Build.0 = Debug|Any CPU
		{6C98FC75-06F0-484F-92D7-B78A01B60EB7}.Debug|x86.ActiveCfg = Debug|Any CPU
		{6C98FC75-06F0-484F-92D7-B78A01B60EB7}.Debug|x86.Build.0 = Debug|Any CPU
		{6C98FC75-06F0-484F-92D7-B78A01B60EB7}.Release|Any CPU.ActiveCfg = Release|Any CPU
		{6C98FC75-06F0-484F-92D7-B78A01B60EB7}.Release|Any CPU.Build.0 = Release|Any CPU
		{6C98FC75-06F0-484F-92D7-B78A01B60EB7}.Release|x64.ActiveCfg = Release|Any CPU
		{6C98FC75-06F0-484F-92D7-B78A01B60EB7}.Release|x64.Build.0 = Release|Any CPU
		{6C98FC75-06F0-484F-92D7-B78A01B60EB7}.Release|x86.ActiveCfg = Release|Any CPU
		{6C98FC75-06F0-484F-92D7-B78A01B60EB7}.Release|x86.Build.0 = Release|Any CPU
		{87926E78-4C1D-457F-90A3-D320078A5E70}.Debug|Any CPU.ActiveCfg = Debug|Any CPU
		{87926E78-4C1D-457F-90A3-D320078A5E70}.Debug|Any CPU.Build.0 = Debug|Any CPU
		{87926E78-4C1D-457F-90A3-D320078A5E70}.Debug|x64.ActiveCfg = Debug|Any CPU
		{87926E78-4C1D-457F-90A3-D320078A5E70}.Debug|x64.Build.0 = Debug|Any CPU
		{87926E78-4C1D-457F-90A3-D320078A5E70}.Debug|x86.ActiveCfg = Debug|Any CPU
		{87926E78-4C1D-457F-90A3-D320078A5E70}.Debug|x86.Build.0 = Debug|Any CPU
		{87926E78-4C1D-457F-90A3-D320078A5E70}.Release|Any CPU.ActiveCfg = Release|Any CPU
		{87926E78-4C1D-457F-90A3-D320078A5E70}.Release|Any CPU.Build.0 = Release|Any CPU
		{87926E78-4C1D-457F-90A3-D320078A5E70}.Release|x64.ActiveCfg = Release|Any CPU
		{87926E78-4C1D-457F-90A3-D320078A5E70}.Release|x64.Build.0 = Release|Any CPU
		{87926E78-4C1D-457F-90A3-D320078A5E70}.Release|x86.ActiveCfg = Release|Any CPU
		{87926E78-4C1D-457F-90A3-D320078A5E70}.Release|x86.Build.0 = Release|Any CPU
		{2C46545E-1F7D-4FCD-8148-D34D2C7A4B13}.Debug|Any CPU.ActiveCfg = Debug|Any CPU
		{2C46545E-1F7D-4FCD-8148-D34D2C7A4B13}.Debug|Any CPU.Build.0 = Debug|Any CPU
		{2C46545E-1F7D-4FCD-8148-D34D2C7A4B13}.Debug|x64.ActiveCfg = Debug|Any CPU
		{2C46545E-1F7D-4FCD-8148-D34D2C7A4B13}.Debug|x64.Build.0 = Debug|Any CPU
		{2C46545E-1F7D-4FCD-8148-D34D2C7A4B13}.Debug|x86.ActiveCfg = Debug|Any CPU
		{2C46545E-1F7D-4FCD-8148-D34D2C7A4B13}.Debug|x86.Build.0 = Debug|Any CPU
		{2C46545E-1F7D-4FCD-8148-D34D2C7A4B13}.Release|Any CPU.ActiveCfg = Release|Any CPU
		{2C46545E-1F7D-4FCD-8148-D34D2C7A4B13}.Release|Any CPU.Build.0 = Release|Any CPU
		{2C46545E-1F7D-4FCD-8148-D34D2C7A4B13}.Release|x64.ActiveCfg = Release|Any CPU
		{2C46545E-1F7D-4FCD-8148-D34D2C7A4B13}.Release|x64.Build.0 = Release|Any CPU
		{2C46545E-1F7D-4FCD-8148-D34D2C7A4B13}.Release|x86.ActiveCfg = Release|Any CPU
		{2C46545E-1F7D-4FCD-8148-D34D2C7A4B13}.Release|x86.Build.0 = Release|Any CPU
		{EFDCA0BB-B8C3-48E2-B365-8BF391FE1B5A}.Debug|Any CPU.ActiveCfg = Debug|Any CPU
		{EFDCA0BB-B8C3-48E2-B365-8BF391FE1B5A}.Debug|Any CPU.Build.0 = Debug|Any CPU
		{EFDCA0BB-B8C3-48E2-B365-8BF391FE1B5A}.Debug|x64.ActiveCfg = Debug|Any CPU
		{EFDCA0BB-B8C3-48E2-B365-8BF391FE1B5A}.Debug|x64.Build.0 = Debug|Any CPU
		{EFDCA0BB-B8C3-48E2-B365-8BF391FE1B5A}.Debug|x86.ActiveCfg = Debug|Any CPU
		{EFDCA0BB-B8C3-48E2-B365-8BF391FE1B5A}.Debug|x86.Build.0 = Debug|Any CPU
		{EFDCA0BB-B8C3-48E2-B365-8BF391FE1B5A}.Release|Any CPU.ActiveCfg = Release|Any CPU
		{EFDCA0BB-B8C3-48E2-B365-8BF391FE1B5A}.Release|Any CPU.Build.0 = Release|Any CPU
		{EFDCA0BB-B8C3-48E2-B365-8BF391FE1B5A}.Release|x64.ActiveCfg = Release|Any CPU
		{EFDCA0BB-B8C3-48E2-B365-8BF391FE1B5A}.Release|x64.Build.0 = Release|Any CPU
		{EFDCA0BB-B8C3-48E2-B365-8BF391FE1B5A}.Release|x86.ActiveCfg = Release|Any CPU
		{EFDCA0BB-B8C3-48E2-B365-8BF391FE1B5A}.Release|x86.Build.0 = Release|Any CPU
	EndGlobalSection
	GlobalSection(SolutionProperties) = preSolution
		HideSolutionNode = FALSE
	EndGlobalSection
EndGlobal
