
Microsoft Visual Studio Solution File, Format Version 12.00
# Visual Studio Version 16
VisualStudioVersion = 16.0.29728.190
MinimumVisualStudioVersion = 10.0.40219.1
Project("{9A19103F-16F7-4668-BE54-9A1E7A4F7556}") = "dotnet-flubu", "dotnet-flubu\dotnet-flubu.csproj", "{F9F3CB01-F4B5-4278-8423-2643CE84C5D5}"
EndProject
Project("{9A19103F-16F7-4668-BE54-9A1E7A4F7556}") = "FlubuCore", "FlubuCore\FlubuCore.csproj", "{0880D8F4-1D35-4237-9012-C510C6962C94}"
EndProject
Project("{9A19103F-16F7-4668-BE54-9A1E7A4F7556}") = "FlubuCore.WebApi.Client", "FlubuCore.WebApi.Client\FlubuCore.WebApi.Client.csproj", "{87926E78-4C1D-457F-90A3-D320078A5E70}"
EndProject
Project("{9A19103F-16F7-4668-BE54-9A1E7A4F7556}") = "FlubuCore.WebApi.Model", "FlubuCore.WebApi.Model\FlubuCore.WebApi.Model.csproj", "{2C46545E-1F7D-4FCD-8148-D34D2C7A4B13}"
EndProject
Project("{9A19103F-16F7-4668-BE54-9A1E7A4F7556}") = "FlubuCore.WebApi", "FlubuCore.WebApi\FlubuCore.WebApi.csproj", "{E216E247-D018-4454-9BD4-82F31CB5200B}"
EndProject
Project("{9A19103F-16F7-4668-BE54-9A1E7A4F7556}") = "Build", "Build.csproj", "{DB4A9291-8AB1-409A-8F57-6C852427BD10}"
EndProject
Project("{9A19103F-16F7-4668-BE54-9A1E7A4F7556}") = "FlubuCore.WebApi.Tests", "FlubuCore.WebApi.Tests\FlubuCore.WebApi.Tests.csproj", "{ED30D289-E70F-4EC7-8AA3-568A1C4FD412}"
EndProject
Project("{9A19103F-16F7-4668-BE54-9A1E7A4F7556}") = "FlubuCore.GlobalTool", "FlubuCore.GlobalTool\FlubuCore.GlobalTool.csproj", "{4DD2CF38-B943-49DA-94DC-D9C16A4104ED}"
EndProject
Project("{2150E333-8FDC-42A3-9474-1A3956D46DE8}") = "Analyzers And Extensions", "Analyzers And Extensions", "{A995EB83-A953-43F1-B986-23AF162ACEC9}"
EndProject
Project("{9A19103F-16F7-4668-BE54-9A1E7A4F7556}") = "FlubuCore.Analyzers", "FlubuCore.Analyzers\FlubuCore.Analyzers.csproj", "{F23082E6-7DAC-43E1-8D00-3901880D0FD5}"
EndProject
Project("{9A19103F-16F7-4668-BE54-9A1E7A4F7556}") = "FlubuCore.Analyzers.Tests", "FlubuCore.Analyzers.Tests\FlubuCore.Analyzers.Tests.csproj", "{58D5DC71-B378-4A00-A311-92483D9CAF33}"
EndProject
Project("{9A19103F-16F7-4668-BE54-9A1E7A4F7556}") = "FlubuCore.Tests", "FlubuCore.Tests\FlubuCore.Tests.csproj", "{423BB55A-3CEC-42AF-8309-16934932DCF1}"
EndProject
Project("{9A19103F-16F7-4668-BE54-9A1E7A4F7556}") = "FlubuCore.WebApi.Updater", "FlubuCore.WebApi.Updater\FlubuCore.WebApi.Updater.csproj", "{E0260CB5-D436-4E1F-BEEE-9FEFA223528D}"
EndProject
Project("{2150E333-8FDC-42A3-9474-1A3956D46DE8}") = "Solution Items", "Solution Items", "{9657968D-86D6-4270-A9AA-2FF223643E7E}"
EndProject
Project("{9A19103F-16F7-4668-BE54-9A1E7A4F7556}") = "FlubuCore.ConsoleTestApp", "FlubuCore.ConsoleTestApp\FlubuCore.ConsoleTestApp.csproj", "{972E6797-8E9F-469B-8E94-B8078665F8E3}"
EndProject
Project("{FAE04EC0-301F-11D3-BF4B-00C04F79EFBC}") = "Deploy", "Deploy\Deploy.csproj", "{C196E4DB-64BB-4B0B-8344-8DF6C236E649}"
Project("{9A19103F-16F7-4668-BE54-9A1E7A4F7556}") = "FlubuCore.Tool", "FlubuCore.Tool\FlubuCore.Tool.csproj", "{1EC21B6A-AE85-467F-BFE4-956E3245B1E8}"
EndProject
Global
	GlobalSection(SolutionConfigurationPlatforms) = preSolution
		Debug|Any CPU = Debug|Any CPU
		Debug|x64 = Debug|x64
		Debug|x86 = Debug|x86
		Release|Any CPU = Release|Any CPU
		Release|x64 = Release|x64
		Release|x86 = Release|x86
	EndGlobalSection
	GlobalSection(ProjectConfigurationPlatforms) = postSolution
		{F9F3CB01-F4B5-4278-8423-2643CE84C5D5}.Debug|Any CPU.ActiveCfg = Debug|Any CPU
		{F9F3CB01-F4B5-4278-8423-2643CE84C5D5}.Debug|Any CPU.Build.0 = Debug|Any CPU
		{F9F3CB01-F4B5-4278-8423-2643CE84C5D5}.Debug|x64.ActiveCfg = Debug|Any CPU
		{F9F3CB01-F4B5-4278-8423-2643CE84C5D5}.Debug|x64.Build.0 = Debug|Any CPU
		{F9F3CB01-F4B5-4278-8423-2643CE84C5D5}.Debug|x86.ActiveCfg = Debug|Any CPU
		{F9F3CB01-F4B5-4278-8423-2643CE84C5D5}.Debug|x86.Build.0 = Debug|Any CPU
		{F9F3CB01-F4B5-4278-8423-2643CE84C5D5}.Release|Any CPU.ActiveCfg = Release|Any CPU
		{F9F3CB01-F4B5-4278-8423-2643CE84C5D5}.Release|Any CPU.Build.0 = Release|Any CPU
		{F9F3CB01-F4B5-4278-8423-2643CE84C5D5}.Release|x64.ActiveCfg = Release|Any CPU
		{F9F3CB01-F4B5-4278-8423-2643CE84C5D5}.Release|x64.Build.0 = Release|Any CPU
		{F9F3CB01-F4B5-4278-8423-2643CE84C5D5}.Release|x86.ActiveCfg = Release|Any CPU
		{F9F3CB01-F4B5-4278-8423-2643CE84C5D5}.Release|x86.Build.0 = Release|Any CPU
		{0880D8F4-1D35-4237-9012-C510C6962C94}.Debug|Any CPU.ActiveCfg = Debug|Any CPU
		{0880D8F4-1D35-4237-9012-C510C6962C94}.Debug|Any CPU.Build.0 = Debug|Any CPU
		{0880D8F4-1D35-4237-9012-C510C6962C94}.Debug|x64.ActiveCfg = Debug|Any CPU
		{0880D8F4-1D35-4237-9012-C510C6962C94}.Debug|x64.Build.0 = Debug|Any CPU
		{0880D8F4-1D35-4237-9012-C510C6962C94}.Debug|x86.ActiveCfg = Debug|Any CPU
		{0880D8F4-1D35-4237-9012-C510C6962C94}.Debug|x86.Build.0 = Debug|Any CPU
		{0880D8F4-1D35-4237-9012-C510C6962C94}.Release|Any CPU.ActiveCfg = Release|Any CPU
		{0880D8F4-1D35-4237-9012-C510C6962C94}.Release|Any CPU.Build.0 = Release|Any CPU
		{0880D8F4-1D35-4237-9012-C510C6962C94}.Release|x64.ActiveCfg = Release|Any CPU
		{0880D8F4-1D35-4237-9012-C510C6962C94}.Release|x64.Build.0 = Release|Any CPU
		{0880D8F4-1D35-4237-9012-C510C6962C94}.Release|x86.ActiveCfg = Release|Any CPU
		{0880D8F4-1D35-4237-9012-C510C6962C94}.Release|x86.Build.0 = Release|Any CPU
		{87926E78-4C1D-457F-90A3-D320078A5E70}.Debug|Any CPU.ActiveCfg = Debug|Any CPU
		{87926E78-4C1D-457F-90A3-D320078A5E70}.Debug|Any CPU.Build.0 = Debug|Any CPU
		{87926E78-4C1D-457F-90A3-D320078A5E70}.Debug|x64.ActiveCfg = Debug|Any CPU
		{87926E78-4C1D-457F-90A3-D320078A5E70}.Debug|x64.Build.0 = Debug|Any CPU
		{87926E78-4C1D-457F-90A3-D320078A5E70}.Debug|x86.ActiveCfg = Debug|Any CPU
		{87926E78-4C1D-457F-90A3-D320078A5E70}.Debug|x86.Build.0 = Debug|Any CPU
		{87926E78-4C1D-457F-90A3-D320078A5E70}.Release|Any CPU.ActiveCfg = Release|Any CPU
		{87926E78-4C1D-457F-90A3-D320078A5E70}.Release|Any CPU.Build.0 = Release|Any CPU
		{87926E78-4C1D-457F-90A3-D320078A5E70}.Release|x64.ActiveCfg = Release|Any CPU
		{87926E78-4C1D-457F-90A3-D320078A5E70}.Release|x64.Build.0 = Release|Any CPU
		{87926E78-4C1D-457F-90A3-D320078A5E70}.Release|x86.ActiveCfg = Release|Any CPU
		{87926E78-4C1D-457F-90A3-D320078A5E70}.Release|x86.Build.0 = Release|Any CPU
		{2C46545E-1F7D-4FCD-8148-D34D2C7A4B13}.Debug|Any CPU.ActiveCfg = Debug|Any CPU
		{2C46545E-1F7D-4FCD-8148-D34D2C7A4B13}.Debug|Any CPU.Build.0 = Debug|Any CPU
		{2C46545E-1F7D-4FCD-8148-D34D2C7A4B13}.Debug|x64.ActiveCfg = Debug|Any CPU
		{2C46545E-1F7D-4FCD-8148-D34D2C7A4B13}.Debug|x64.Build.0 = Debug|Any CPU
		{2C46545E-1F7D-4FCD-8148-D34D2C7A4B13}.Debug|x86.ActiveCfg = Debug|Any CPU
		{2C46545E-1F7D-4FCD-8148-D34D2C7A4B13}.Debug|x86.Build.0 = Debug|Any CPU
		{2C46545E-1F7D-4FCD-8148-D34D2C7A4B13}.Release|Any CPU.ActiveCfg = Release|Any CPU
		{2C46545E-1F7D-4FCD-8148-D34D2C7A4B13}.Release|Any CPU.Build.0 = Release|Any CPU
		{2C46545E-1F7D-4FCD-8148-D34D2C7A4B13}.Release|x64.ActiveCfg = Release|Any CPU
		{2C46545E-1F7D-4FCD-8148-D34D2C7A4B13}.Release|x64.Build.0 = Release|Any CPU
		{2C46545E-1F7D-4FCD-8148-D34D2C7A4B13}.Release|x86.ActiveCfg = Release|Any CPU
		{2C46545E-1F7D-4FCD-8148-D34D2C7A4B13}.Release|x86.Build.0 = Release|Any CPU
		{E216E247-D018-4454-9BD4-82F31CB5200B}.Debug|Any CPU.ActiveCfg = Debug|Any CPU
		{E216E247-D018-4454-9BD4-82F31CB5200B}.Debug|Any CPU.Build.0 = Debug|Any CPU
		{E216E247-D018-4454-9BD4-82F31CB5200B}.Debug|x64.ActiveCfg = Debug|Any CPU
		{E216E247-D018-4454-9BD4-82F31CB5200B}.Debug|x64.Build.0 = Debug|Any CPU
		{E216E247-D018-4454-9BD4-82F31CB5200B}.Debug|x86.ActiveCfg = Debug|Any CPU
		{E216E247-D018-4454-9BD4-82F31CB5200B}.Debug|x86.Build.0 = Debug|Any CPU
		{E216E247-D018-4454-9BD4-82F31CB5200B}.Release|Any CPU.ActiveCfg = Release|Any CPU
		{E216E247-D018-4454-9BD4-82F31CB5200B}.Release|Any CPU.Build.0 = Release|Any CPU
		{E216E247-D018-4454-9BD4-82F31CB5200B}.Release|x64.ActiveCfg = Release|Any CPU
		{E216E247-D018-4454-9BD4-82F31CB5200B}.Release|x64.Build.0 = Release|Any CPU
		{E216E247-D018-4454-9BD4-82F31CB5200B}.Release|x86.ActiveCfg = Release|Any CPU
		{E216E247-D018-4454-9BD4-82F31CB5200B}.Release|x86.Build.0 = Release|Any CPU
		{DB4A9291-8AB1-409A-8F57-6C852427BD10}.Debug|Any CPU.ActiveCfg = Debug|Any CPU
		{DB4A9291-8AB1-409A-8F57-6C852427BD10}.Debug|Any CPU.Build.0 = Debug|Any CPU
		{DB4A9291-8AB1-409A-8F57-6C852427BD10}.Debug|x64.ActiveCfg = Debug|Any CPU
		{DB4A9291-8AB1-409A-8F57-6C852427BD10}.Debug|x64.Build.0 = Debug|Any CPU
		{DB4A9291-8AB1-409A-8F57-6C852427BD10}.Debug|x86.ActiveCfg = Debug|Any CPU
		{DB4A9291-8AB1-409A-8F57-6C852427BD10}.Debug|x86.Build.0 = Debug|Any CPU
		{DB4A9291-8AB1-409A-8F57-6C852427BD10}.Release|Any CPU.ActiveCfg = Release|Any CPU
		{DB4A9291-8AB1-409A-8F57-6C852427BD10}.Release|Any CPU.Build.0 = Release|Any CPU
		{DB4A9291-8AB1-409A-8F57-6C852427BD10}.Release|x64.ActiveCfg = Release|Any CPU
		{DB4A9291-8AB1-409A-8F57-6C852427BD10}.Release|x64.Build.0 = Release|Any CPU
		{DB4A9291-8AB1-409A-8F57-6C852427BD10}.Release|x86.ActiveCfg = Release|Any CPU
		{DB4A9291-8AB1-409A-8F57-6C852427BD10}.Release|x86.Build.0 = Release|Any CPU
		{ED30D289-E70F-4EC7-8AA3-568A1C4FD412}.Debug|Any CPU.ActiveCfg = Debug|Any CPU
		{ED30D289-E70F-4EC7-8AA3-568A1C4FD412}.Debug|Any CPU.Build.0 = Debug|Any CPU
		{ED30D289-E70F-4EC7-8AA3-568A1C4FD412}.Debug|x64.ActiveCfg = Debug|Any CPU
		{ED30D289-E70F-4EC7-8AA3-568A1C4FD412}.Debug|x64.Build.0 = Debug|Any CPU
		{ED30D289-E70F-4EC7-8AA3-568A1C4FD412}.Debug|x86.ActiveCfg = Debug|Any CPU
		{ED30D289-E70F-4EC7-8AA3-568A1C4FD412}.Debug|x86.Build.0 = Debug|Any CPU
		{ED30D289-E70F-4EC7-8AA3-568A1C4FD412}.Release|Any CPU.ActiveCfg = Release|Any CPU
		{ED30D289-E70F-4EC7-8AA3-568A1C4FD412}.Release|Any CPU.Build.0 = Release|Any CPU
		{ED30D289-E70F-4EC7-8AA3-568A1C4FD412}.Release|x64.ActiveCfg = Release|Any CPU
		{ED30D289-E70F-4EC7-8AA3-568A1C4FD412}.Release|x64.Build.0 = Release|Any CPU
		{ED30D289-E70F-4EC7-8AA3-568A1C4FD412}.Release|x86.ActiveCfg = Release|Any CPU
		{ED30D289-E70F-4EC7-8AA3-568A1C4FD412}.Release|x86.Build.0 = Release|Any CPU
		{4DD2CF38-B943-49DA-94DC-D9C16A4104ED}.Debug|Any CPU.ActiveCfg = Debug|Any CPU
		{4DD2CF38-B943-49DA-94DC-D9C16A4104ED}.Debug|Any CPU.Build.0 = Debug|Any CPU
		{4DD2CF38-B943-49DA-94DC-D9C16A4104ED}.Debug|x64.ActiveCfg = Debug|Any CPU
		{4DD2CF38-B943-49DA-94DC-D9C16A4104ED}.Debug|x64.Build.0 = Debug|Any CPU
		{4DD2CF38-B943-49DA-94DC-D9C16A4104ED}.Debug|x86.ActiveCfg = Debug|Any CPU
		{4DD2CF38-B943-49DA-94DC-D9C16A4104ED}.Debug|x86.Build.0 = Debug|Any CPU
		{4DD2CF38-B943-49DA-94DC-D9C16A4104ED}.Release|Any CPU.ActiveCfg = Release|Any CPU
		{4DD2CF38-B943-49DA-94DC-D9C16A4104ED}.Release|Any CPU.Build.0 = Release|Any CPU
		{4DD2CF38-B943-49DA-94DC-D9C16A4104ED}.Release|x64.ActiveCfg = Release|Any CPU
		{4DD2CF38-B943-49DA-94DC-D9C16A4104ED}.Release|x64.Build.0 = Release|Any CPU
		{4DD2CF38-B943-49DA-94DC-D9C16A4104ED}.Release|x86.ActiveCfg = Release|Any CPU
		{4DD2CF38-B943-49DA-94DC-D9C16A4104ED}.Release|x86.Build.0 = Release|Any CPU
		{F23082E6-7DAC-43E1-8D00-3901880D0FD5}.Debug|Any CPU.ActiveCfg = Debug|Any CPU
		{F23082E6-7DAC-43E1-8D00-3901880D0FD5}.Debug|Any CPU.Build.0 = Debug|Any CPU
		{F23082E6-7DAC-43E1-8D00-3901880D0FD5}.Debug|x64.ActiveCfg = Debug|Any CPU
		{F23082E6-7DAC-43E1-8D00-3901880D0FD5}.Debug|x64.Build.0 = Debug|Any CPU
		{F23082E6-7DAC-43E1-8D00-3901880D0FD5}.Debug|x86.ActiveCfg = Debug|Any CPU
		{F23082E6-7DAC-43E1-8D00-3901880D0FD5}.Debug|x86.Build.0 = Debug|Any CPU
		{F23082E6-7DAC-43E1-8D00-3901880D0FD5}.Release|Any CPU.ActiveCfg = Release|Any CPU
		{F23082E6-7DAC-43E1-8D00-3901880D0FD5}.Release|Any CPU.Build.0 = Release|Any CPU
		{F23082E6-7DAC-43E1-8D00-3901880D0FD5}.Release|x64.ActiveCfg = Release|Any CPU
		{F23082E6-7DAC-43E1-8D00-3901880D0FD5}.Release|x64.Build.0 = Release|Any CPU
		{F23082E6-7DAC-43E1-8D00-3901880D0FD5}.Release|x86.ActiveCfg = Release|Any CPU
		{F23082E6-7DAC-43E1-8D00-3901880D0FD5}.Release|x86.Build.0 = Release|Any CPU
		{58D5DC71-B378-4A00-A311-92483D9CAF33}.Debug|Any CPU.ActiveCfg = Debug|Any CPU
		{58D5DC71-B378-4A00-A311-92483D9CAF33}.Debug|Any CPU.Build.0 = Debug|Any CPU
		{58D5DC71-B378-4A00-A311-92483D9CAF33}.Debug|x64.ActiveCfg = Debug|Any CPU
		{58D5DC71-B378-4A00-A311-92483D9CAF33}.Debug|x64.Build.0 = Debug|Any CPU
		{58D5DC71-B378-4A00-A311-92483D9CAF33}.Debug|x86.ActiveCfg = Debug|Any CPU
		{58D5DC71-B378-4A00-A311-92483D9CAF33}.Debug|x86.Build.0 = Debug|Any CPU
		{58D5DC71-B378-4A00-A311-92483D9CAF33}.Release|Any CPU.ActiveCfg = Release|Any CPU
		{58D5DC71-B378-4A00-A311-92483D9CAF33}.Release|Any CPU.Build.0 = Release|Any CPU
		{58D5DC71-B378-4A00-A311-92483D9CAF33}.Release|x64.ActiveCfg = Release|Any CPU
		{58D5DC71-B378-4A00-A311-92483D9CAF33}.Release|x64.Build.0 = Release|Any CPU
		{58D5DC71-B378-4A00-A311-92483D9CAF33}.Release|x86.ActiveCfg = Release|Any CPU
		{58D5DC71-B378-4A00-A311-92483D9CAF33}.Release|x86.Build.0 = Release|Any CPU
		{423BB55A-3CEC-42AF-8309-16934932DCF1}.Debug|Any CPU.ActiveCfg = Debug|Any CPU
		{423BB55A-3CEC-42AF-8309-16934932DCF1}.Debug|Any CPU.Build.0 = Debug|Any CPU
		{423BB55A-3CEC-42AF-8309-16934932DCF1}.Debug|x64.ActiveCfg = Debug|Any CPU
		{423BB55A-3CEC-42AF-8309-16934932DCF1}.Debug|x64.Build.0 = Debug|Any CPU
		{423BB55A-3CEC-42AF-8309-16934932DCF1}.Debug|x86.ActiveCfg = Debug|Any CPU
		{423BB55A-3CEC-42AF-8309-16934932DCF1}.Debug|x86.Build.0 = Debug|Any CPU
		{423BB55A-3CEC-42AF-8309-16934932DCF1}.Release|Any CPU.ActiveCfg = Release|Any CPU
		{423BB55A-3CEC-42AF-8309-16934932DCF1}.Release|Any CPU.Build.0 = Release|Any CPU
		{423BB55A-3CEC-42AF-8309-16934932DCF1}.Release|x64.ActiveCfg = Release|Any CPU
		{423BB55A-3CEC-42AF-8309-16934932DCF1}.Release|x64.Build.0 = Release|Any CPU
		{423BB55A-3CEC-42AF-8309-16934932DCF1}.Release|x86.ActiveCfg = Release|Any CPU
		{423BB55A-3CEC-42AF-8309-16934932DCF1}.Release|x86.Build.0 = Release|Any CPU
		{E0260CB5-D436-4E1F-BEEE-9FEFA223528D}.Debug|Any CPU.ActiveCfg = Debug|Any CPU
		{E0260CB5-D436-4E1F-BEEE-9FEFA223528D}.Debug|Any CPU.Build.0 = Debug|Any CPU
		{E0260CB5-D436-4E1F-BEEE-9FEFA223528D}.Debug|x64.ActiveCfg = Debug|Any CPU
		{E0260CB5-D436-4E1F-BEEE-9FEFA223528D}.Debug|x64.Build.0 = Debug|Any CPU
		{E0260CB5-D436-4E1F-BEEE-9FEFA223528D}.Debug|x86.ActiveCfg = Debug|Any CPU
		{E0260CB5-D436-4E1F-BEEE-9FEFA223528D}.Debug|x86.Build.0 = Debug|Any CPU
		{E0260CB5-D436-4E1F-BEEE-9FEFA223528D}.Release|Any CPU.ActiveCfg = Release|Any CPU
		{E0260CB5-D436-4E1F-BEEE-9FEFA223528D}.Release|Any CPU.Build.0 = Release|Any CPU
		{E0260CB5-D436-4E1F-BEEE-9FEFA223528D}.Release|x64.ActiveCfg = Release|Any CPU
		{E0260CB5-D436-4E1F-BEEE-9FEFA223528D}.Release|x64.Build.0 = Release|Any CPU
		{E0260CB5-D436-4E1F-BEEE-9FEFA223528D}.Release|x86.ActiveCfg = Release|Any CPU
		{E0260CB5-D436-4E1F-BEEE-9FEFA223528D}.Release|x86.Build.0 = Release|Any CPU
		{972E6797-8E9F-469B-8E94-B8078665F8E3}.Debug|Any CPU.ActiveCfg = Debug|Any CPU
		{972E6797-8E9F-469B-8E94-B8078665F8E3}.Debug|Any CPU.Build.0 = Debug|Any CPU
		{972E6797-8E9F-469B-8E94-B8078665F8E3}.Debug|x64.ActiveCfg = Debug|Any CPU
		{972E6797-8E9F-469B-8E94-B8078665F8E3}.Debug|x64.Build.0 = Debug|Any CPU
		{972E6797-8E9F-469B-8E94-B8078665F8E3}.Debug|x86.ActiveCfg = Debug|Any CPU
		{972E6797-8E9F-469B-8E94-B8078665F8E3}.Debug|x86.Build.0 = Debug|Any CPU
		{972E6797-8E9F-469B-8E94-B8078665F8E3}.Release|Any CPU.ActiveCfg = Release|Any CPU
		{972E6797-8E9F-469B-8E94-B8078665F8E3}.Release|Any CPU.Build.0 = Release|Any CPU
		{972E6797-8E9F-469B-8E94-B8078665F8E3}.Release|x64.ActiveCfg = Release|Any CPU
		{972E6797-8E9F-469B-8E94-B8078665F8E3}.Release|x64.Build.0 = Release|Any CPU
		{972E6797-8E9F-469B-8E94-B8078665F8E3}.Release|x86.ActiveCfg = Release|Any CPU
		{972E6797-8E9F-469B-8E94-B8078665F8E3}.Release|x86.Build.0 = Release|Any CPU
		{C196E4DB-64BB-4B0B-8344-8DF6C236E649}.Debug|Any CPU.ActiveCfg = Debug|Any CPU
		{C196E4DB-64BB-4B0B-8344-8DF6C236E649}.Debug|Any CPU.Build.0 = Debug|Any CPU
		{C196E4DB-64BB-4B0B-8344-8DF6C236E649}.Debug|x64.ActiveCfg = Debug|Any CPU
		{C196E4DB-64BB-4B0B-8344-8DF6C236E649}.Debug|x64.Build.0 = Debug|Any CPU
		{C196E4DB-64BB-4B0B-8344-8DF6C236E649}.Debug|x86.ActiveCfg = Debug|Any CPU
		{C196E4DB-64BB-4B0B-8344-8DF6C236E649}.Debug|x86.Build.0 = Debug|Any CPU
		{C196E4DB-64BB-4B0B-8344-8DF6C236E649}.Release|Any CPU.ActiveCfg = Release|Any CPU
		{C196E4DB-64BB-4B0B-8344-8DF6C236E649}.Release|Any CPU.Build.0 = Release|Any CPU
		{C196E4DB-64BB-4B0B-8344-8DF6C236E649}.Release|x64.ActiveCfg = Release|Any CPU
		{C196E4DB-64BB-4B0B-8344-8DF6C236E649}.Release|x64.Build.0 = Release|Any CPU
		{C196E4DB-64BB-4B0B-8344-8DF6C236E649}.Release|x86.ActiveCfg = Release|Any CPU
		{C196E4DB-64BB-4B0B-8344-8DF6C236E649}.Release|x86.Build.0 = Release|Any CPU
		{1EC21B6A-AE85-467F-BFE4-956E3245B1E8}.Debug|Any CPU.ActiveCfg = Debug|Any CPU
		{1EC21B6A-AE85-467F-BFE4-956E3245B1E8}.Debug|Any CPU.Build.0 = Debug|Any CPU
		{1EC21B6A-AE85-467F-BFE4-956E3245B1E8}.Debug|x64.ActiveCfg = Debug|Any CPU
		{1EC21B6A-AE85-467F-BFE4-956E3245B1E8}.Debug|x64.Build.0 = Debug|Any CPU
		{1EC21B6A-AE85-467F-BFE4-956E3245B1E8}.Debug|x86.ActiveCfg = Debug|Any CPU
		{1EC21B6A-AE85-467F-BFE4-956E3245B1E8}.Debug|x86.Build.0 = Debug|Any CPU
		{1EC21B6A-AE85-467F-BFE4-956E3245B1E8}.Release|Any CPU.ActiveCfg = Release|Any CPU
		{1EC21B6A-AE85-467F-BFE4-956E3245B1E8}.Release|Any CPU.Build.0 = Release|Any CPU
		{1EC21B6A-AE85-467F-BFE4-956E3245B1E8}.Release|x64.ActiveCfg = Release|Any CPU
		{1EC21B6A-AE85-467F-BFE4-956E3245B1E8}.Release|x64.Build.0 = Release|Any CPU
		{1EC21B6A-AE85-467F-BFE4-956E3245B1E8}.Release|x86.ActiveCfg = Release|Any CPU
		{1EC21B6A-AE85-467F-BFE4-956E3245B1E8}.Release|x86.Build.0 = Release|Any CPU
	EndGlobalSection
	GlobalSection(SolutionProperties) = preSolution
		HideSolutionNode = FALSE
	EndGlobalSection
	GlobalSection(NestedProjects) = preSolution
		{F23082E6-7DAC-43E1-8D00-3901880D0FD5} = {A995EB83-A953-43F1-B986-23AF162ACEC9}
		{58D5DC71-B378-4A00-A311-92483D9CAF33} = {A995EB83-A953-43F1-B986-23AF162ACEC9}
	EndGlobalSection
	GlobalSection(ExtensibilityGlobals) = postSolution
		SolutionGuid = {584401B4-7092-4FBB-9B98-B8516DCF9523}
	EndGlobalSection
EndGlobal
